
Microsoft Visual Studio Solution File, Format Version 12.00
# Visual Studio Version 17
VisualStudioVersion = 17.8.34316.72
MinimumVisualStudioVersion = 10.0.40219.1
Project("{FAE04EC0-301F-11D3-BF4B-00C04F79EFBC}") = "BookCollectionLibrary.API", "BookCollectionLibrary.API\BookCollectionLibrary.API.csproj", "{C8ED4D32-921A-43EE-8139-18448AFC8895}"
EndProject
Global
	GlobalSection(SolutionConfigurationPlatforms) = preSolution
		Debug|Any CPU = Debug|Any CPU
		Release|Any CPU = Release|Any CPU
	EndGlobalSection
	GlobalSection(ProjectConfigurationPlatforms) = postSolution
		{C8ED4D32-921A-43EE-8139-18448AFC8895}.Debug|Any CPU.ActiveCfg = Debug|Any CPU
		{C8ED4D32-921A-43EE-8139-18448AFC8895}.Debug|Any CPU.Build.0 = Debug|Any CPU
		{C8ED4D32-921A-43EE-8139-18448AFC8895}.Release|Any CPU.ActiveCfg = Release|Any CPU
		{C8ED4D32-921A-43EE-8139-18448AFC8895}.Release|Any CPU.Build.0 = Release|Any CPU
	EndGlobalSection
	GlobalSection(SolutionProperties) = preSolution
		HideSolutionNode = FALSE
	EndGlobalSection
	GlobalSection(ExtensibilityGlobals) = postSolution
		SolutionGuid = {3372ACCC-ADBD-45AF-B883-EA429550E892}
	EndGlobalSection
EndGlobal
